
Microsoft Visual Studio Solution File, Format Version 12.00
# Visual Studio Version 17
VisualStudioVersion = 17.0.31903.59
MinimumVisualStudioVersion = 10.0.40219.1
Project("{2150E333-8FDC-42A3-9474-1A3956D46DE8}") = "src", "src", "{827E0CD3-B72D-47B6-A68D-7590B98EB39B}"
EndProject
Project("{2150E333-8FDC-42A3-9474-1A3956D46DE8}") = "tests", "tests", "{C8F6F2E6-45A0-4C17-9E52-7D3D0997F7A1}"
EndProject
Project("{2150E333-8FDC-42A3-9474-1A3956D46DE8}") = "Gateway", "Gateway", "{6306A8FB-679E-111F-6585-8F70E0EE6013}"
EndProject
Project("{FAE04EC0-301F-11D3-BF4B-00C04F79EFBC}") = "ApiGatewayKit.Gateway", "src\Gateway\ApiGatewayKit.Gateway\ApiGatewayKit.Gateway.csproj", "{1ED13C3C-B777-430B-BB80-F13F01728A25}"
EndProject
Project("{2150E333-8FDC-42A3-9474-1A3956D46DE8}") = "Core", "Core", "{8D626EA8-CB54-BC41-363A-217881BEBA6E}"
EndProject
Project("{FAE04EC0-301F-11D3-BF4B-00C04F79EFBC}") = "ApiGatewayKit.Core.Shared", "src\Core\ApiGatewayKit.Core.Shared\ApiGatewayKit.Core.Shared.csproj", "{045E1AD5-AEBA-48D1-AC2F-626C1AED8E66}"
EndProject
Project("{FAE04EC0-301F-11D3-BF4B-00C04F79EFBC}") = "ApiGatewayKit.Core.Application", "src\Core\ApiGatewayKit.Core.Application\ApiGatewayKit.Core.Application.csproj", "{E5EB557A-3BE2-4974-A451-416F1A5F2DF7}"
EndProject
Project("{FAE04EC0-301F-11D3-BF4B-00C04F79EFBC}") = "ApiGatewayKit.Core.Domain", "src\Core\ApiGatewayKit.Core.Domain\ApiGatewayKit.Core.Domain.csproj", "{05AC49DF-53E7-4E41-BE1E-EC9D00817969}"
EndProject
Project("{2150E333-8FDC-42A3-9474-1A3956D46DE8}") = "Infrastructure", "Infrastructure", "{9048EB7F-3875-A59E-E36B-5BD4C6F2A282}"
EndProject
Project("{FAE04EC0-301F-11D3-BF4B-00C04F79EFBC}") = "ApiGatewayKit.Infrastructure.Caching", "src\Infrastructure\ApiGatewayKit.Infrastructure.Caching\ApiGatewayKit.Infrastructure.Caching.csproj", "{1DEA7397-7532-44BE-9596-D57DB6B38042}"
EndProject
Project("{FAE04EC0-301F-11D3-BF4B-00C04F79EFBC}") = "ApiGatewayKit.Infrastructure.Logging", "src\Infrastructure\ApiGatewayKit.Infrastructure.Logging\ApiGatewayKit.Infrastructure.Logging.csproj", "{7B315499-30F1-48B1-BBEC-C10FE300D38A}"
EndProject
Project("{FAE04EC0-301F-11D3-BF4B-00C04F79EFBC}") = "ApiGatewayKit.Core.Shared.Tests", "tests\ApiGatewayKit.Core.Shared.Tests\ApiGatewayKit.Core.Shared.Tests.csproj", "{B68EF4E5-1C2C-4B16-8C50-2E23D7F24A89}"
EndProject
Global
	GlobalSection(SolutionConfigurationPlatforms) = preSolution
		Debug|Any CPU = Debug|Any CPU
		Debug|x64 = Debug|x64
		Debug|x86 = Debug|x86
		Release|Any CPU = Release|Any CPU
		Release|x64 = Release|x64
		Release|x86 = Release|x86
	EndGlobalSection
	GlobalSection(ProjectConfigurationPlatforms) = postSolution
		{1ED13C3C-B777-430B-BB80-F13F01728A25}.Debug|Any CPU.ActiveCfg = Debug|Any CPU
		{1ED13C3C-B777-430B-BB80-F13F01728A25}.Debug|Any CPU.Build.0 = Debug|Any CPU
		{1ED13C3C-B777-430B-BB80-F13F01728A25}.Debug|x64.ActiveCfg = Debug|Any CPU
		{1ED13C3C-B777-430B-BB80-F13F01728A25}.Debug|x64.Build.0 = Debug|Any CPU
		{1ED13C3C-B777-430B-BB80-F13F01728A25}.Debug|x86.ActiveCfg = Debug|Any CPU
		{1ED13C3C-B777-430B-BB80-F13F01728A25}.Debug|x86.Build.0 = Debug|Any CPU
		{1ED13C3C-B777-430B-BB80-F13F01728A25}.Release|Any CPU.ActiveCfg = Release|Any CPU
		{1ED13C3C-B777-430B-BB80-F13F01728A25}.Release|Any CPU.Build.0 = Release|Any CPU
		{1ED13C3C-B777-430B-BB80-F13F01728A25}.Release|x64.ActiveCfg = Release|Any CPU
		{1ED13C3C-B777-430B-BB80-F13F01728A25}.Release|x64.Build.0 = Release|Any CPU
		{1ED13C3C-B777-430B-BB80-F13F01728A25}.Release|x86.ActiveCfg = Release|Any CPU
		{1ED13C3C-B777-430B-BB80-F13F01728A25}.Release|x86.Build.0 = Release|Any CPU
		{045E1AD5-AEBA-48D1-AC2F-626C1AED8E66}.Debug|Any CPU.ActiveCfg = Debug|Any CPU
		{045E1AD5-AEBA-48D1-AC2F-626C1AED8E66}.Debug|Any CPU.Build.0 = Debug|Any CPU
		{045E1AD5-AEBA-48D1-AC2F-626C1AED8E66}.Debug|x64.ActiveCfg = Debug|Any CPU
		{045E1AD5-AEBA-48D1-AC2F-626C1AED8E66}.Debug|x64.Build.0 = Debug|Any CPU
		{045E1AD5-AEBA-48D1-AC2F-626C1AED8E66}.Debug|x86.ActiveCfg = Debug|Any CPU
		{045E1AD5-AEBA-48D1-AC2F-626C1AED8E66}.Debug|x86.Build.0 = Debug|Any CPU
		{045E1AD5-AEBA-48D1-AC2F-626C1AED8E66}.Release|Any CPU.ActiveCfg = Release|Any CPU
		{045E1AD5-AEBA-48D1-AC2F-626C1AED8E66}.Release|Any CPU.Build.0 = Release|Any CPU
		{045E1AD5-AEBA-48D1-AC2F-626C1AED8E66}.Release|x64.ActiveCfg = Release|Any CPU
		{045E1AD5-AEBA-48D1-AC2F-626C1AED8E66}.Release|x64.Build.0 = Release|Any CPU
		{045E1AD5-AEBA-48D1-AC2F-626C1AED8E66}.Release|x86.ActiveCfg = Release|Any CPU
		{045E1AD5-AEBA-48D1-AC2F-626C1AED8E66}.Release|x86.Build.0 = Release|Any CPU
		{E5EB557A-3BE2-4974-A451-416F1A5F2DF7}.Debug|Any CPU.ActiveCfg = Debug|Any CPU
		{E5EB557A-3BE2-4974-A451-416F1A5F2DF7}.Debug|Any CPU.Build.0 = Debug|Any CPU
		{E5EB557A-3BE2-4974-A451-416F1A5F2DF7}.Debug|x64.ActiveCfg = Debug|Any CPU
		{E5EB557A-3BE2-4974-A451-416F1A5F2DF7}.Debug|x64.Build.0 = Debug|Any CPU
		{E5EB557A-3BE2-4974-A451-416F1A5F2DF7}.Debug|x86.ActiveCfg = Debug|Any CPU
		{E5EB557A-3BE2-4974-A451-416F1A5F2DF7}.Debug|x86.Build.0 = Debug|Any CPU
		{E5EB557A-3BE2-4974-A451-416F1A5F2DF7}.Release|Any CPU.ActiveCfg = Release|Any CPU
		{E5EB557A-3BE2-4974-A451-416F1A5F2DF7}.Release|Any CPU.Build.0 = Release|Any CPU
		{E5EB557A-3BE2-4974-A451-416F1A5F2DF7}.Release|x64.ActiveCfg = Release|Any CPU
		{E5EB557A-3BE2-4974-A451-416F1A5F2DF7}.Release|x64.Build.0 = Release|Any CPU
		{E5EB557A-3BE2-4974-A451-416F1A5F2DF7}.Release|x86.ActiveCfg = Release|Any CPU
		{E5EB557A-3BE2-4974-A451-416F1A5F2DF7}.Release|x86.Build.0 = Release|Any CPU
		{05AC49DF-53E7-4E41-BE1E-EC9D00817969}.Debug|Any CPU.ActiveCfg = Debug|Any CPU
		{05AC49DF-53E7-4E41-BE1E-EC9D00817969}.Debug|Any CPU.Build.0 = Debug|Any CPU
		{05AC49DF-53E7-4E41-BE1E-EC9D00817969}.Debug|x64.ActiveCfg = Debug|Any CPU
		{05AC49DF-53E7-4E41-BE1E-EC9D00817969}.Debug|x64.Build.0 = Debug|Any CPU
		{05AC49DF-53E7-4E41-BE1E-EC9D00817969}.Debug|x86.ActiveCfg = Debug|Any CPU
		{05AC49DF-53E7-4E41-BE1E-EC9D00817969}.Debug|x86.Build.0 = Debug|Any CPU
		{05AC49DF-53E7-4E41-BE1E-EC9D00817969}.Release|Any CPU.ActiveCfg = Release|Any CPU
		{05AC49DF-53E7-4E41-BE1E-EC9D00817969}.Release|Any CPU.Build.0 = Release|Any CPU
		{05AC49DF-53E7-4E41-BE1E-EC9D00817969}.Release|x64.ActiveCfg = Release|Any CPU
		{05AC49DF-53E7-4E41-BE1E-EC9D00817969}.Release|x64.Build.0 = Release|Any CPU
		{05AC49DF-53E7-4E41-BE1E-EC9D00817969}.Release|x86.ActiveCfg = Release|Any CPU
		{05AC49DF-53E7-4E41-BE1E-EC9D00817969}.Release|x86.Build.0 = Release|Any CPU
		{1DEA7397-7532-44BE-9596-D57DB6B38042}.Debug|Any CPU.ActiveCfg = Debug|Any CPU
		{1DEA7397-7532-44BE-9596-D57DB6B38042}.Debug|Any CPU.Build.0 = Debug|Any CPU
		{1DEA7397-7532-44BE-9596-D57DB6B38042}.Debug|x64.ActiveCfg = Debug|Any CPU
		{1DEA7397-7532-44BE-9596-D57DB6B38042}.Debug|x64.Build.0 = Debug|Any CPU
		{1DEA7397-7532-44BE-9596-D57DB6B38042}.Debug|x86.ActiveCfg = Debug|Any CPU
		{1DEA7397-7532-44BE-9596-D57DB6B38042}.Debug|x86.Build.0 = Debug|Any CPU
		{1DEA7397-7532-44BE-9596-D57DB6B38042}.Release|Any CPU.ActiveCfg = Release|Any CPU
		{1DEA7397-7532-44BE-9596-D57DB6B38042}.Release|Any CPU.Build.0 = Release|Any CPU
		{1DEA7397-7532-44BE-9596-D57DB6B38042}.Release|x64.ActiveCfg = Release|Any CPU
		{1DEA7397-7532-44BE-9596-D57DB6B38042}.Release|x64.Build.0 = Release|Any CPU
		{1DEA7397-7532-44BE-9596-D57DB6B38042}.Release|x86.ActiveCfg = Release|Any CPU
		{1DEA7397-7532-44BE-9596-D57DB6B38042}.Release|x86.Build.0 = Release|Any CPU
		{7B315499-30F1-48B1-BBEC-C10FE300D38A}.Debug|Any CPU.ActiveCfg = Debug|Any CPU
		{7B315499-30F1-48B1-BBEC-C10FE300D38A}.Debug|Any CPU.Build.0 = Debug|Any CPU
		{7B315499-30F1-48B1-BBEC-C10FE300D38A}.Debug|x64.ActiveCfg = Debug|Any CPU
		{7B315499-30F1-48B1-BBEC-C10FE300D38A}.Debug|x64.Build.0 = Debug|Any CPU
		{7B315499-30F1-48B1-BBEC-C10FE300D38A}.Debug|x86.ActiveCfg = Debug|Any CPU
		{7B315499-30F1-48B1-BBEC-C10FE300D38A}.Debug|x86.Build.0 = Debug|Any CPU
		{7B315499-30F1-48B1-BBEC-C10FE300D38A}.Release|Any CPU.ActiveCfg = Release|Any CPU
		{7B315499-30F1-48B1-BBEC-C10FE300D38A}.Release|Any CPU.Build.0 = Release|Any CPU
		{7B315499-30F1-48B1-BBEC-C10FE300D38A}.Release|x64.ActiveCfg = Release|Any CPU
		{7B315499-30F1-48B1-BBEC-C10FE300D38A}.Release|x64.Build.0 = Release|Any CPU
		{7B315499-30F1-48B1-BBEC-C10FE300D38A}.Release|x86.ActiveCfg = Release|Any CPU
		{7B315499-30F1-48B1-BBEC-C10FE300D38A}.Release|x86.Build.0 = Release|Any CPU
		{B68EF4E5-1C2C-4B16-8C50-2E23D7F24A89}.Debug|Any CPU.ActiveCfg = Debug|Any CPU
		{B68EF4E5-1C2C-4B16-8C50-2E23D7F24A89}.Debug|Any CPU.Build.0 = Debug|Any CPU
		{B68EF4E5-1C2C-4B16-8C50-2E23D7F24A89}.Debug|x64.ActiveCfg = Debug|Any CPU
		{B68EF4E5-1C2C-4B16-8C50-2E23D7F24A89}.Debug|x64.Build.0 = Debug|Any CPU
		{B68EF4E5-1C2C-4B16-8C50-2E23D7F24A89}.Debug|x86.ActiveCfg = Debug|Any CPU
		{B68EF4E5-1C2C-4B16-8C50-2E23D7F24A89}.Debug|x86.Build.0 = Debug|Any CPU
		{B68EF4E5-1C2C-4B16-8C50-2E23D7F24A89}.Release|Any CPU.ActiveCfg = Release|Any CPU
		{B68EF4E5-1C2C-4B16-8C50-2E23D7F24A89}.Release|Any CPU.Build.0 = Release|Any CPU
		{B68EF4E5-1C2C-4B16-8C50-2E23D7F24A89}.Release|x64.ActiveCfg = Release|Any CPU
		{B68EF4E5-1C2C-4B16-8C50-2E23D7F24A89}.Release|x64.Build.0 = Release|Any CPU
		{B68EF4E5-1C2C-4B16-8C50-2E23D7F24A89}.Release|x86.ActiveCfg = Release|Any CPU
		{B68EF4E5-1C2C-4B16-8C50-2E23D7F24A89}.Release|x86.Build.0 = Release|Any CPU
	EndGlobalSection
	GlobalSection(SolutionProperties) = preSolution
		HideSolutionNode = FALSE
	EndGlobalSection
	GlobalSection(NestedProjects) = preSolution
		{6306A8FB-679E-111F-6585-8F70E0EE6013} = {827E0CD3-B72D-47B6-A68D-7590B98EB39B}
		{1ED13C3C-B777-430B-BB80-F13F01728A25} = {6306A8FB-679E-111F-6585-8F70E0EE6013}
		{8D626EA8-CB54-BC41-363A-217881BEBA6E} = {827E0CD3-B72D-47B6-A68D-7590B98EB39B}
		{045E1AD5-AEBA-48D1-AC2F-626C1AED8E66} = {8D626EA8-CB54-BC41-363A-217881BEBA6E}
		{E5EB557A-3BE2-4974-A451-416F1A5F2DF7} = {8D626EA8-CB54-BC41-363A-217881BEBA6E}
		{05AC49DF-53E7-4E41-BE1E-EC9D00817969} = {8D626EA8-CB54-BC41-363A-217881BEBA6E}
		{9048EB7F-3875-A59E-E36B-5BD4C6F2A282} = {827E0CD3-B72D-47B6-A68D-7590B98EB39B}
		{1DEA7397-7532-44BE-9596-D57DB6B38042} = {9048EB7F-3875-A59E-E36B-5BD4C6F2A282}
		{7B315499-30F1-48B1-BBEC-C10FE300D38A} = {9048EB7F-3875-A59E-E36B-5BD4C6F2A282}
		{B68EF4E5-1C2C-4B16-8C50-2E23D7F24A89} = {C8F6F2E6-45A0-4C17-9E52-7D3D0997F7A1}
	EndGlobalSection
EndGlobal
